# This file is autogenerated, do not edit; changes may be undone by the next 'dep ensure'.


[[projects]]
  name = "github.com/koron/go-dproxy"
  packages = ["."]
  revision = "fd990aff3734271e213a87f118319cf104bb2dd6"
  version = "v1.2.1"

[[projects]]
  name = "github.com/yosuke-furukawa/json5"
  packages = ["encoding/json5"]
  revision = "7f7ea50b836ee7a78dbcccfb28bea909cf28bf6b"
  version = "v0.1.1"

[solve-meta]
  analyzer-name = "dep"
  analyzer-version = 1
  inputs-digest = "4405634ccaa08ebda2b9e120dcb24438a800ec46038cfc20923b0383a66d0296"
  solver-name = "gps-cdcl"
  solver-version = 1
