# This file is autogenerated, do not edit; changes may be undone by the next 'dep ensure'.


[[projects]]
  branch = "develop"
  name = "github.com/mervin0502/pcaparser"
  packages = ["."]
  revision = "df3ce62bc412f7d4de25c813c284993c78eb37a3"
  source = "github.com/kyontan/pcaparser"

[[projects]]
  branch = "master"
  name = "github.com/sigurn/crc8"
  packages = ["."]
  revision = "e55481d6f45c5a8f040343bace9013571dae103e"

[[projects]]
  branch = "master"
  name = "github.com/sigurn/utils"
  packages = ["."]
  revision = "f19e41f79f8f006116f682c1af454591bc278ad4"

[solve-meta]
  analyzer-name = "dep"
  analyzer-version = 1
  inputs-digest = "db7ffda2abcf4fe3b3fe328ed654f30154818299beb4b053bbf64ab1f9f37fcf"
  solver-name = "gps-cdcl"
  solver-version = 1
